
Microsoft Visual Studio Solution File, Format Version 12.00
# Visual Studio Version 17
VisualStudioVersion = 17.10.35013.160
MinimumVisualStudioVersion = 10.0.40219.1
Project("{FAE04EC0-301F-11D3-BF4B-00C04F79EFBC}") = "KFP", "KFP\KFP.csproj", "{516D63B6-3E5E-4E6A-A777-A75048E1169B}"
EndProject
Global
	GlobalSection(SolutionConfigurationPlatforms) = preSolution
		Debug|ARM64 = Debug|ARM64
		Debug|x64 = Debug|x64
		Debug|x86 = Debug|x86
		Release|ARM64 = Release|ARM64
		Release|x64 = Release|x64
		Release|x86 = Release|x86
	EndGlobalSection
	GlobalSection(ProjectConfigurationPlatforms) = postSolution
		{516D63B6-3E5E-4E6A-A777-A75048E1169B}.Debug|ARM64.ActiveCfg = Debug|ARM64
		{516D63B6-3E5E-4E6A-A777-A75048E1169B}.Debug|ARM64.Build.0 = Debug|ARM64
		{516D63B6-3E5E-4E6A-A777-A75048E1169B}.Debug|ARM64.Deploy.0 = Debug|ARM64
		{516D63B6-3E5E-4E6A-A777-A75048E1169B}.Debug|x64.ActiveCfg = Debug|x64
		{516D63B6-3E5E-4E6A-A777-A75048E1169B}.Debug|x64.Build.0 = Debug|x64
		{516D63B6-3E5E-4E6A-A777-A75048E1169B}.Debug|x64.Deploy.0 = Debug|x64
		{516D63B6-3E5E-4E6A-A777-A75048E1169B}.Debug|x86.ActiveCfg = Debug|x86
		{516D63B6-3E5E-4E6A-A777-A75048E1169B}.Debug|x86.Build.0 = Debug|x86
		{516D63B6-3E5E-4E6A-A777-A75048E1169B}.Debug|x86.Deploy.0 = Debug|x86
		{516D63B6-3E5E-4E6A-A777-A75048E1169B}.Release|ARM64.ActiveCfg = Release|ARM64
		{516D63B6-3E5E-4E6A-A777-A75048E1169B}.Release|ARM64.Build.0 = Release|ARM64
		{516D63B6-3E5E-4E6A-A777-A75048E1169B}.Release|ARM64.Deploy.0 = Release|ARM64
		{516D63B6-3E5E-4E6A-A777-A75048E1169B}.Release|x64.ActiveCfg = Release|x64
		{516D63B6-3E5E-4E6A-A777-A75048E1169B}.Release|x64.Build.0 = Release|x64
		{516D63B6-3E5E-4E6A-A777-A75048E1169B}.Release|x64.Deploy.0 = Release|x64
		{516D63B6-3E5E-4E6A-A777-A75048E1169B}.Release|x86.ActiveCfg = Release|x86
		{516D63B6-3E5E-4E6A-A777-A75048E1169B}.Release|x86.Build.0 = Release|x86
		{516D63B6-3E5E-4E6A-A777-A75048E1169B}.Release|x86.Deploy.0 = Release|x86
	EndGlobalSection
	GlobalSection(SolutionProperties) = preSolution
		HideSolutionNode = FALSE
	EndGlobalSection
	GlobalSection(ExtensibilityGlobals) = postSolution
		SolutionGuid = {BEE7E47D-89F1-44C8-B924-BAF03863FDE7}
	EndGlobalSection
EndGlobal
